// !$*UTF8*$!
{
	archiveVersion = 1;
	classes = {
	};
	objectVersion = 46;
	objects = {

/* Begin PBXBuildFile section */
		66212DE71A19921A000C4063 /* main.m in Sources */ = {isa = PBXBuildFile; fileRef = 66212DE61A19921A000C4063 /* main.m */; };
		66212DEA1A19921A000C4063 /* AppDelegate.m in Sources */ = {isa = PBXBuildFile; fileRef = 66212DE91A19921A000C4063 /* AppDelegate.m */; };
		66212DED1A19921A000C4063 /* FirstViewController.m in Sources */ = {isa = PBXBuildFile; fileRef = 66212DEC1A19921A000C4063 /* FirstViewController.m */; };
		66212DF01A19921A000C4063 /* SecondViewController.m in Sources */ = {isa = PBXBuildFile; fileRef = 66212DEF1A19921A000C4063 /* SecondViewController.m */; };
		66212DF31A19921A000C4063 /* Main.storyboard in Resources */ = {isa = PBXBuildFile; fileRef = 66212DF11A19921A000C4063 /* Main.storyboard */; };
		66212DF51A19921A000C4063 /* Images.xcassets in Resources */ = {isa = PBXBuildFile; fileRef = 66212DF41A19921A000C4063 /* Images.xcassets */; };
		66212DF81A19921A000C4063 /* LaunchScreen.xib in Resources */ = {isa = PBXBuildFile; fileRef = 66212DF61A19921A000C4063 /* LaunchScreen.xib */; };
		66212E041A19921A000C4063 /* ip6in4Tests.m in Sources */ = {isa = PBXBuildFile; fileRef = 66212E031A19921A000C4063 /* ip6in4Tests.m */; };
/* End PBXBuildFile section */

/* Begin PBXContainerItemProxy section */
		66212DFE1A19921A000C4063 /* PBXContainerItemProxy */ = {
			isa = PBXContainerItemProxy;
			containerPortal = 66212DD91A19921A000C4063 /* Project object */;
			proxyType = 1;
			remoteGlobalIDString = 66212DE01A19921A000C4063;
			remoteInfo = ip6in4;
		};
/* End PBXContainerItemProxy section */

/* Begin PBXFileReference section */
		66212DE11A19921A000C4063 /* ip6in4.app */ = {isa = PBXFileReference; explicitFileType = wrapper.application; includeInIndex = 0; path = ip6in4.app; sourceTree = BUILT_PRODUCTS_DIR; };
		66212DE51A19921A000C4063 /* Info.plist */ = {isa = PBXFileReference; lastKnownFileType = text.plist.xml; path = Info.plist; sourceTree = "<group>"; };
		66212DE61A19921A000C4063 /* main.m */ = {isa = PBXFileReference; lastKnownFileType = sourcecode.c.objc; path = main.m; sourceTree = "<group>"; };
		66212DE81A19921A000C4063 /* AppDelegate.h */ = {isa = PBXFileReference; lastKnownFileType = sourcecode.c.h; path = AppDelegate.h; sourceTree = "<group>"; };
		66212DE91A19921A000C4063 /* AppDelegate.m */ = {isa = PBXFileReference; lastKnownFileType = sourcecode.c.objc; path = AppDelegate.m; sourceTree = "<group>"; };
		66212DEB1A19921A000C4063 /* FirstViewController.h */ = {isa = PBXFileReference; lastKnownFileType = sourcecode.c.h; path = FirstViewController.h; sourceTree = "<group>"; };
		66212DEC1A19921A000C4063 /* FirstViewController.m */ = {isa = PBXFileReference; lastKnownFileType = sourcecode.c.objc; path = FirstViewController.m; sourceTree = "<group>"; };
		66212DEE1A19921A000C4063 /* SecondViewController.h */ = {isa = PBXFileReference; lastKnownFileType = sourcecode.c.h; path = SecondViewController.h; sourceTree = "<group>"; };
		66212DEF1A19921A000C4063 /* SecondViewController.m */ = {isa = PBXFileReference; lastKnownFileType = sourcecode.c.objc; path = SecondViewController.m; sourceTree = "<group>"; };
		66212DF21A19921A000C4063 /* Base */ = {isa = PBXFileReference; lastKnownFileType = file.storyboard; name = Base; path = Base.lproj/Main.storyboard; sourceTree = "<group>"; };
		66212DF41A19921A000C4063 /* Images.xcassets */ = {isa = PBXFileReference; lastKnownFileType = folder.assetcatalog; path = Images.xcassets; sourceTree = "<group>"; };
		66212DF71A19921A000C4063 /* Base */ = {isa = PBXFileReference; lastKnownFileType = file.xib; name = Base; path = Base.lproj/LaunchScreen.xib; sourceTree = "<group>"; };
		66212DFD1A19921A000C4063 /* ip6in4Tests.xctest */ = {isa = PBXFileReference; explicitFileType = wrapper.cfbundle; includeInIndex = 0; path = ip6in4Tests.xctest; sourceTree = BUILT_PRODUCTS_DIR; };
		66212E021A19921A000C4063 /* Info.plist */ = {isa = PBXFileReference; lastKnownFileType = text.plist.xml; path = Info.plist; sourceTree = "<group>"; };
		66212E031A19921A000C4063 /* ip6in4Tests.m */ = {isa = PBXFileReference; lastKnownFileType = sourcecode.c.objc; path = ip6in4Tests.m; sourceTree = "<group>"; };
/* End PBXFileReference section */

/* Begin PBXFrameworksBuildPhase section */
		66212DDE1A19921A000C4063 /* Frameworks */ = {
			isa = PBXFrameworksBuildPhase;
			buildActionMask = 2147483647;
			files = (
			);
			runOnlyForDeploymentPostprocessing = 0;
		};
		66212DFA1A19921A000C4063 /* Frameworks */ = {
			isa = PBXFrameworksBuildPhase;
			buildActionMask = 2147483647;
			files = (
			);
			runOnlyForDeploymentPostprocessing = 0;
		};
/* End PBXFrameworksBuildPhase section */

/* Begin PBXGroup section */
		66212DD81A19921A000C4063 = {
			isa = PBXGroup;
			children = (
				66212DE31A19921A000C4063 /* ip6in4 */,
				66212E001A19921A000C4063 /* ip6in4Tests */,
				66212DE21A19921A000C4063 /* Products */,
			);
			sourceTree = "<group>";
		};
		66212DE21A19921A000C4063 /* Products */ = {
			isa = PBXGroup;
			children = (
				66212DE11A19921A000C4063 /* ip6in4.app */,
				66212DFD1A19921A000C4063 /* ip6in4Tests.xctest */,
			);
			name = Products;
			sourceTree = "<group>";
		};
		66212DE31A19921A000C4063 /* ip6in4 */ = {
			isa = PBXGroup;
			children = (
				66212DE81A19921A000C4063 /* AppDelegate.h */,
				66212DE91A19921A000C4063 /* AppDelegate.m */,
				66212DEB1A19921A000C4063 /* FirstViewController.h */,
				66212DEC1A19921A000C4063 /* FirstViewController.m */,
				66212DEE1A19921A000C4063 /* SecondViewController.h */,
				66212DEF1A19921A000C4063 /* SecondViewController.m */,
				66212DF11A19921A000C4063 /* Main.storyboard */,
				66212DF41A19921A000C4063 /* Images.xcassets */,
				66212DF61A19921A000C4063 /* LaunchScreen.xib */,
				66212DE41A19921A000C4063 /* Supporting Files */,
			);
			path = ip6in4;
			sourceTree = "<group>";
		};
		66212DE41A19921A000C4063 /* Supporting Files */ = {
			isa = PBXGroup;
			children = (
				66212DE51A19921A000C4063 /* Info.plist */,
				66212DE61A19921A000C4063 /* main.m */,
			);
			name = "Supporting Files";
			sourceTree = "<group>";
		};
		66212E001A19921A000C4063 /* ip6in4Tests */ = {
			isa = PBXGroup;
			children = (
				66212E031A19921A000C4063 /* ip6in4Tests.m */,
				66212E011A19921A000C4063 /* Supporting Files */,
			);
			path = ip6in4Tests;
			sourceTree = "<group>";
		};
		66212E011A19921A000C4063 /* Supporting Files */ = {
			isa = PBXGroup;
			children = (
				66212E021A19921A000C4063 /* Info.plist */,
			);
			name = "Supporting Files";
			sourceTree = "<group>";
		};
/* End PBXGroup section */

/* Begin PBXNativeTarget section */
		66212DE01A19921A000C4063 /* ip6in4 */ = {
			isa = PBXNativeTarget;
			buildConfigurationList = 66212E071A19921A000C4063 /* Build configuration list for PBXNativeTarget "ip6in4" */;
			buildPhases = (
				66212DDD1A19921A000C4063 /* Sources */,
				66212DDE1A19921A000C4063 /* Frameworks */,
				66212DDF1A19921A000C4063 /* Resources */,
			);
			buildRules = (
			);
			dependencies = (
			);
			name = ip6in4;
			productName = ip6in4;
			productReference = 66212DE11A19921A000C4063 /* ip6in4.app */;
			productType = "com.apple.product-type.application";
		};
		66212DFC1A19921A000C4063 /* ip6in4Tests */ = {
			isa = PBXNativeTarget;
			buildConfigurationList = 66212E0A1A19921A000C4063 /* Build configuration list for PBXNativeTarget "ip6in4Tests" */;
			buildPhases = (
				66212DF91A19921A000C4063 /* Sources */,
				66212DFA1A19921A000C4063 /* Frameworks */,
				66212DFB1A19921A000C4063 /* Resources */,
			);
			buildRules = (
			);
			dependencies = (
				66212DFF1A19921A000C4063 /* PBXTargetDependency */,
			);
			name = ip6in4Tests;
			productName = ip6in4Tests;
			productReference = 66212DFD1A19921A000C4063 /* ip6in4Tests.xctest */;
			productType = "com.apple.product-type.bundle.unit-test";
		};
/* End PBXNativeTarget section */

/* Begin PBXProject section */
		66212DD91A19921A000C4063 /* Project object */ = {
			isa = PBXProject;
			attributes = {
				LastUpgradeCheck = 0610;
				ORGANIZATIONNAME = bupt419;
				TargetAttributes = {
					66212DE01A19921A000C4063 = {
						CreatedOnToolsVersion = 6.1;
					};
					66212DFC1A19921A000C4063 = {
						CreatedOnToolsVersion = 6.1;
						TestTargetID = 66212DE01A19921A000C4063;
					};
				};
			};
			buildConfigurationList = 66212DDC1A19921A000C4063 /* Build configuration list for PBXProject "ip6in4" */;
			compatibilityVersion = "Xcode 3.2";
			developmentRegion = English;
			hasScannedForEncodings = 0;
			knownRegions = (
				en,
				Base,
			);
			mainGroup = 66212DD81A19921A000C4063;
			productRefGroup = 66212DE21A19921A000C4063 /* Products */;
			projectDirPath = "";
			projectRoot = "";
			targets = (
				66212DE01A19921A000C4063 /* ip6in4 */,
				66212DFC1A19921A000C4063 /* ip6in4Tests */,
			);
		};
/* End PBXProject section */

/* Begin PBXResourcesBuildPhase section */
		66212DDF1A19921A000C4063 /* Resources */ = {
			isa = PBXResourcesBuildPhase;
			buildActionMask = 2147483647;
			files = (
				66212DF31A19921A000C4063 /* Main.storyboard in Resources */,
				66212DF81A19921A000C4063 /* LaunchScreen.xib in Resources */,
				66212DF51A19921A000C4063 /* Images.xcassets in Resources */,
			);
			runOnlyForDeploymentPostprocessing = 0;
		};
		66212DFB1A19921A000C4063 /* Resources */ = {
			isa = PBXResourcesBuildPhase;
			buildActionMask = 2147483647;
			files = (
			);
			runOnlyForDeploymentPostprocessing = 0;
		};
/* End PBXResourcesBuildPhase section */

/* Begin PBXSourcesBuildPhase section */
		66212DDD1A19921A000C4063 /* Sources */ = {
			isa = PBXSourcesBuildPhase;
			buildActionMask = 2147483647;
			files = (
				66212DF01A19921A000C4063 /* SecondViewController.m in Sources */,
				66212DEA1A19921A000C4063 /* AppDelegate.m in Sources */,
				66212DED1A19921A000C4063 /* FirstViewController.m in Sources */,
				66212DE71A19921A000C4063 /* main.m in Sources */,
			);
			runOnlyForDeploymentPostprocessing = 0;
		};
		66212DF91A19921A000C4063 /* Sources */ = {
			isa = PBXSourcesBuildPhase;
			buildActionMask = 2147483647;
			files = (
				66212E041A19921A000C4063 /* ip6in4Tests.m in Sources */,
			);
			runOnlyForDeploymentPostprocessing = 0;
		};
/* End PBXSourcesBuildPhase section */

/* Begin PBXTargetDependency section */
		66212DFF1A19921A000C4063 /* PBXTargetDependency */ = {
			isa = PBXTargetDependency;
			target = 66212DE01A19921A000C4063 /* ip6in4 */;
			targetProxy = 66212DFE1A19921A000C4063 /* PBXContainerItemProxy */;
		};
/* End PBXTargetDependency section */

/* Begin PBXVariantGroup section */
		66212DF11A19921A000C4063 /* Main.storyboard */ = {
			isa = PBXVariantGroup;
			children = (
				66212DF21A19921A000C4063 /* Base */,
			);
			name = Main.storyboard;
			sourceTree = "<group>";
		};
		66212DF61A19921A000C4063 /* LaunchScreen.xib */ = {
			isa = PBXVariantGroup;
			children = (
				66212DF71A19921A000C4063 /* Base */,
			);
			name = LaunchScreen.xib;
			sourceTree = "<group>";
		};
/* End PBXVariantGroup section */

/* Begin XCBuildConfiguration section */
		66212E051A19921A000C4063 /* Debug */ = {
			isa = XCBuildConfiguration;
			buildSettings = {
				ALWAYS_SEARCH_USER_PATHS = NO;
				CLANG_CXX_LANGUAGE_STANDARD = "gnu++0x";
				CLANG_CXX_LIBRARY = "libc++";
				CLANG_ENABLE_MODULES = YES;
				CLANG_ENABLE_OBJC_ARC = YES;
				CLANG_WARN_BOOL_CONVERSION = YES;
				CLANG_WARN_CONSTANT_CONVERSION = YES;
				CLANG_WARN_DIRECT_OBJC_ISA_USAGE = YES_ERROR;
				CLANG_WARN_EMPTY_BODY = YES;
				CLANG_WARN_ENUM_CONVERSION = YES;
				CLANG_WARN_INT_CONVERSION = YES;
				CLANG_WARN_OBJC_ROOT_CLASS = YES_ERROR;
				CLANG_WARN_UNREACHABLE_CODE = YES;
				CLANG_WARN__DUPLICATE_METHOD_MATCH = YES;
				"CODE_SIGN_IDENTITY[sdk=iphoneos*]" = "iPhone Developer";
				COPY_PHASE_STRIP = NO;
				ENABLE_STRICT_OBJC_MSGSEND = YES;
				GCC_C_LANGUAGE_STANDARD = gnu99;
				GCC_DYNAMIC_NO_PIC = NO;
				GCC_OPTIMIZATION_LEVEL = 0;
				GCC_PREPROCESSOR_DEFINITIONS = (
					"DEBUG=1",
					"$(inherited)",
				);
				GCC_SYMBOLS_PRIVATE_EXTERN = NO;
				GCC_WARN_64_TO_32_BIT_CONVERSION = YES;
				GCC_WARN_ABOUT_RETURN_TYPE = YES_ERROR;
				GCC_WARN_UNDECLARED_SELECTOR = YES;
				GCC_WARN_UNINITIALIZED_AUTOS = YES_AGGRESSIVE;
				GCC_WARN_UNUSED_FUNCTION = YES;
				GCC_WARN_UNUSED_VARIABLE = YES;
				IPHONEOS_DEPLOYMENT_TARGET = 8.1;
				MTL_ENABLE_DEBUG_INFO = YES;
				ONLY_ACTIVE_ARCH = YES;
				SDKROOT = iphoneos;
				TARGETED_DEVICE_FAMILY = "1,2";
			};
			name = Debug;
		};
		66212E061A19921A000C4063 /* Release */ = {
			isa = XCBuildConfiguration;
			buildSettings = {
				ALWAYS_SEARCH_USER_PATHS = NO;
				CLANG_CXX_LANGUAGE_STANDARD = "gnu++0x";
				CLANG_CXX_LIBRARY = "libc++";
				CLANG_ENABLE_MODULES = YES;
				CLANG_ENABLE_OBJC_ARC = YES;
				CLANG_WARN_BOOL_CONVERSION = YES;
				CLANG_WARN_CONSTANT_CONVERSION = YES;
				CLANG_WARN_DIRECT_OBJC_ISA_USAGE = YES_ERROR;
				CLANG_WARN_EMPTY_BODY = YES;
				CLANG_WARN_ENUM_CONVERSION = YES;
				CLANG_WARN_INT_CONVERSION = YES;
				CLANG_WARN_OBJC_ROOT_CLASS = YES_ERROR;
				CLANG_WARN_UNREACHABLE_CODE = YES;
				CLANG_WARN__DUPLICATE_METHOD_MATCH = YES;
				"CODE_SIGN_IDENTITY[sdk=iphoneos*]" = "iPhone Developer";
				COPY_PHASE_STRIP = YES;
				ENABLE_NS_ASSERTIONS = NO;
				ENABLE_STRICT_OBJC_MSGSEND = YES;
				GCC_C_LANGUAGE_STANDARD = gnu99;
				GCC_WARN_64_TO_32_BIT_CONVERSION = YES;
				GCC_WARN_ABOUT_RETURN_TYPE = YES_ERROR;
				GCC_WARN_UNDECLARED_SELECTOR = YES;
				GCC_WARN_UNINITIALIZED_AUTOS = YES_AGGRESSIVE;
				GCC_WARN_UNUSED_FUNCTION = YES;
				GCC_WARN_UNUSED_VARIABLE = YES;
				IPHONEOS_DEPLOYMENT_TARGET = 8.1;
				MTL_ENABLE_DEBUG_INFO = NO;
				SDKROOT = iphoneos;
				TARGETED_DEVICE_FAMILY = "1,2";
				VALIDATE_PRODUCT = YES;
			};
			name = Release;
		};
		66212E081A19921A000C4063 /* Debug */ = {
			isa = XCBuildConfiguration;
			buildSettings = {
				ASSETCATALOG_COMPILER_APPICON_NAME = AppIcon;
				INFOPLIST_FILE = ip6in4/Info.plist;
				LD_RUNPATH_SEARCH_PATHS = "$(inherited) @executable_path/Frameworks";
				PRODUCT_NAME = "$(TARGET_NAME)";
			};
			name = Debug;
		};
		66212E091A19921A000C4063 /* Release */ = {
			isa = XCBuildConfiguration;
			buildSettings = {
				ASSETCATALOG_COMPILER_APPICON_NAME = AppIcon;
				INFOPLIST_FILE = ip6in4/Info.plist;
				LD_RUNPATH_SEARCH_PATHS = "$(inherited) @executable_path/Frameworks";
				PRODUCT_NAME = "$(TARGET_NAME)";
			};
			name = Release;
		};
		66212E0B1A19921A000C4063 /* Debug */ = {
			isa = XCBuildConfiguration;
			buildSettings = {
				BUNDLE_LOADER = "$(TEST_HOST)";
				FRAMEWORK_SEARCH_PATHS = (
					"$(SDKROOT)/Developer/Library/Frameworks",
					"$(inherited)",
				);
				GCC_PREPROCESSOR_DEFINITIONS = (
					"DEBUG=1",
					"$(inherited)",
				);
				INFOPLIST_FILE = ip6in4Tests/Info.plist;
				LD_RUNPATH_SEARCH_PATHS = "$(inherited) @executable_path/Frameworks @loader_path/Frameworks";
				PRODUCT_NAME = "$(TARGET_NAME)";
				TEST_HOST = "$(BUILT_PRODUCTS_DIR)/ip6in4.app/ip6in4";
			};
			name = Debug;
		};
		66212E0C1A19921A000C4063 /* Release */ = {
			isa = XCBuildConfiguration;
			buildSettings = {
				BUNDLE_LOADER = "$(TEST_HOST)";
				FRAMEWORK_SEARCH_PATHS = (
					"$(SDKROOT)/Developer/Library/Frameworks",
					"$(inherited)",
				);
				INFOPLIST_FILE = ip6in4Tests/Info.plist;
				LD_RUNPATH_SEARCH_PATHS = "$(inherited) @executable_path/Frameworks @loader_path/Frameworks";
				PRODUCT_NAME = "$(TARGET_NAME)";
				TEST_HOST = "$(BUILT_PRODUCTS_DIR)/ip6in4.app/ip6in4";
			};
			name = Release;
		};
/* End XCBuildConfiguration section */

/* Begin XCConfigurationList section */
		66212DDC1A19921A000C4063 /* Build configuration list for PBXProject "ip6in4" */ = {
			isa = XCConfigurationList;
			buildConfigurations = (
				66212E051A19921A000C4063 /* Debug */,
				66212E061A19921A000C4063 /* Release */,
			);
			defaultConfigurationIsVisible = 0;
			defaultConfigurationName = Release;
		};
		66212E071A19921A000C4063 /* Build configuration list for PBXNativeTarget "ip6in4" */ = {
			isa = XCConfigurationList;
			buildConfigurations = (
				66212E081A19921A000C4063 /* Debug */,
				66212E091A19921A000C4063 /* Release */,
			);
			defaultConfigurationIsVisible = 0;
		};
		66212E0A1A19921A000C4063 /* Build configuration list for PBXNativeTarget "ip6in4Tests" */ = {
			isa = XCConfigurationList;
			buildConfigurations = (
				66212E0B1A19921A000C4063 /* Debug */,
				66212E0C1A19921A000C4063 /* Release */,
			);
			defaultConfigurationIsVisible = 0;
		};
/* End XCConfigurationList section */
	};
	rootObject = 66212DD91A19921A000C4063 /* Project object */;
}
